// !$*UTF8*$!
{
	archiveVersion = 1;
	classes = {
	};
	objectVersion = 50;
	objects = {

/* Begin PBXBuildFile section */
		EBB4B6B622B9A9E300D49D77 /* AppDelegate.swift in Sources */ = {isa = PBXBuildFile; fileRef = EBB4B6B522B9A9E300D49D77 /* AppDelegate.swift */; };
		EBB4B6B822B9A9E300D49D77 /* ViewController.swift in Sources */ = {isa = PBXBuildFile; fileRef = EBB4B6B722B9A9E300D49D77 /* ViewController.swift */; };
		EBB4B6BB22B9A9E300D49D77 /* Main.storyboard in Resources */ = {isa = PBXBuildFile; fileRef = EBB4B6B922B9A9E300D49D77 /* Main.storyboard */; };
		EBB4B6BD22B9A9E500D49D77 /* Assets.xcassets in Resources */ = {isa = PBXBuildFile; fileRef = EBB4B6BC22B9A9E500D49D77 /* Assets.xcassets */; };
		EBB4B6C022B9A9E500D49D77 /* LaunchScreen.storyboard in Resources */ = {isa = PBXBuildFile; fileRef = EBB4B6BE22B9A9E500D49D77 /* LaunchScreen.storyboard */; };
		EBB4B6C822B9ACAD00D49D77 /* TableViewController.swift in Sources */ = {isa = PBXBuildFile; fileRef = EBB4B6C722B9ACAD00D49D77 /* TableViewController.swift */; };
/* End PBXBuildFile section */

/* Begin PBXFileReference section */
		EBB4B6B222B9A9E300D49D77 /* WCCCD ITI App.app */ = {isa = PBXFileReference; explicitFileType = wrapper.application; includeInIndex = 0; path = "WCCCD ITI App.app"; sourceTree = BUILT_PRODUCTS_DIR; };
		EBB4B6B522B9A9E300D49D77 /* AppDelegate.swift */ = {isa = PBXFileReference; lastKnownFileType = sourcecode.swift; path = AppDelegate.swift; sourceTree = "<group>"; };
		EBB4B6B722B9A9E300D49D77 /* ViewController.swift */ = {isa = PBXFileReference; lastKnownFileType = sourcecode.swift; path = ViewController.swift; sourceTree = "<group>"; };
		EBB4B6BA22B9A9E300D49D77 /* Base */ = {isa = PBXFileReference; lastKnownFileType = file.storyboard; name = Base; path = Base.lproj/Main.storyboard; sourceTree = "<group>"; };
		EBB4B6BC22B9A9E500D49D77 /* Assets.xcassets */ = {isa = PBXFileReference; lastKnownFileType = folder.assetcatalog; path = Assets.xcassets; sourceTree = "<group>"; };
		EBB4B6BF22B9A9E500D49D77 /* Base */ = {isa = PBXFileReference; lastKnownFileType = file.storyboard; name = Base; path = Base.lproj/LaunchScreen.storyboard; sourceTree = "<group>"; };
		EBB4B6C122B9A9E500D49D77 /* Info.plist */ = {isa = PBXFileReference; lastKnownFileType = text.plist.xml; path = Info.plist; sourceTree = "<group>"; };
		EBB4B6C722B9ACAD00D49D77 /* TableViewController.swift */ = {isa = PBXFileReference; lastKnownFileType = sourcecode.swift; path = TableViewController.swift; sourceTree = "<group>"; };
/* End PBXFileReference section */

/* Begin PBXFrameworksBuildPhase section */
		EBB4B6AF22B9A9E300D49D77 /* Frameworks */ = {
			isa = PBXFrameworksBuildPhase;
			buildActionMask = 2147483647;
			files = (
			);
			runOnlyForDeploymentPostprocessing = 0;
		};
/* End PBXFrameworksBuildPhase section */

/* Begin PBXGroup section */
		EBB4B6A922B9A9E300D49D77 = {
			isa = PBXGroup;
			children = (
				EBB4B6B422B9A9E300D49D77 /* WCCCD ITI App */,
				EBB4B6B322B9A9E300D49D77 /* Products */,
			);
			sourceTree = "<group>";
		};
		EBB4B6B322B9A9E300D49D77 /* Products */ = {
			isa = PBXGroup;
			children = (
				EBB4B6B222B9A9E300D49D77 /* WCCCD ITI App.app */,
			);
			name = Products;
			sourceTree = "<group>";
		};
		EBB4B6B422B9A9E300D49D77 /* WCCCD ITI App */ = {
			isa = PBXGroup;
			children = (
				EBB4B6B522B9A9E300D49D77 /* AppDelegate.swift */,
				EBB4B6B722B9A9E300D49D77 /* ViewController.swift */,
				EBB4B6C722B9ACAD00D49D77 /* TableViewController.swift */,
				EBB4B6B922B9A9E300D49D77 /* Main.storyboard */,
				EBB4B6BC22B9A9E500D49D77 /* Assets.xcassets */,
				EBB4B6BE22B9A9E500D49D77 /* LaunchScreen.storyboard */,
				EBB4B6C122B9A9E500D49D77 /* Info.plist */,
			);
			path = "WCCCD ITI App";
			sourceTree = "<group>";
		};
/* End PBXGroup section */

/* Begin PBXNativeTarget section */
		EBB4B6B122B9A9E300D49D77 /* WCCCD ITI App */ = {
			isa = PBXNativeTarget;
			buildConfigurationList = EBB4B6C422B9A9E500D49D77 /* Build configuration list for PBXNativeTarget "WCCCD ITI App" */;
			buildPhases = (
				EBB4B6AE22B9A9E300D49D77 /* Sources */,
				EBB4B6AF22B9A9E300D49D77 /* Frameworks */,
				EBB4B6B022B9A9E300D49D77 /* Resources */,
			);
			buildRules = (
			);
			dependencies = (
			);
			name = "WCCCD ITI App";
			productName = "WCCCD ITI App";
			productReference = EBB4B6B222B9A9E300D49D77 /* WCCCD ITI App.app */;
			productType = "com.apple.product-type.application";
		};
/* End PBXNativeTarget section */

/* Begin PBXProject section */
		EBB4B6AA22B9A9E300D49D77 /* Project object */ = {
			isa = PBXProject;
			attributes = {
				LastSwiftUpdateCheck = 1020;
				LastUpgradeCheck = 1020;
				ORGANIZATIONNAME = "RTE Innovations";
				TargetAttributes = {
					EBB4B6B122B9A9E300D49D77 = {
						CreatedOnToolsVersion = 10.2.1;
					};
				};
			};
			buildConfigurationList = EBB4B6AD22B9A9E300D49D77 /* Build configuration list for PBXProject "WCCCD ITI App" */;
			compatibilityVersion = "Xcode 9.3";
			developmentRegion = en;
			hasScannedForEncodings = 0;
			knownRegions = (
				en,
				Base,
			);
			mainGroup = EBB4B6A922B9A9E300D49D77;
			productRefGroup = EBB4B6B322B9A9E300D49D77 /* Products */;
			projectDirPath = "";
			projectRoot = "";
			targets = (
				EBB4B6B122B9A9E300D49D77 /* WCCCD ITI App */,
			);
		};
/* End PBXProject section */

/* Begin PBXResourcesBuildPhase section */
		EBB4B6B022B9A9E300D49D77 /* Resources */ = {
			isa = PBXResourcesBuildPhase;
			buildActionMask = 2147483647;
			files = (
				EBB4B6C022B9A9E500D49D77 /* LaunchScreen.storyboard in Resources */,
				EBB4B6BD22B9A9E500D49D77 /* Assets.xcassets in Resources */,
				EBB4B6BB22B9A9E300D49D77 /* Main.storyboard in Resources */,
			);
			runOnlyForDeploymentPostprocessing = 0;
		};
/* End PBXResourcesBuildPhase section */

/* Begin PBXSourcesBuildPhase section */
		EBB4B6AE22B9A9E300D49D77 /* Sources */ = {
			isa = PBXSourcesBuildPhase;
			buildActionMask = 2147483647;
			files = (
				EBB4B6B822B9A9E300D49D77 /* ViewController.swift in Sources */,
				EBB4B6C822B9ACAD00D49D77 /* TableViewController.swift in Sources */,
				EBB4B6B622B9A9E300D49D77 /* AppDelegate.swift in Sources */,
			);
			runOnlyForDeploymentPostprocessing = 0;
		};
/* End PBXSourcesBuildPhase section */

/* Begin PBXVariantGroup section */
		EBB4B6B922B9A9E300D49D77 /* Main.storyboard */ = {
			isa = PBXVariantGroup;
			children = (
				EBB4B6BA22B9A9E300D49D77 /* Base */,
			);
			name = Main.storyboard;
			sourceTree = "<group>";
		};
		EBB4B6BE22B9A9E500D49D77 /* LaunchScreen.storyboard */ = {
			isa = PBXVariantGroup;
			children = (
				EBB4B6BF22B9A9E500D49D77 /* Base */,
			);
			name = LaunchScreen.storyboard;
			sourceTree = "<group>";
		};
/* End PBXVariantGroup section */

/* Begin XCBuildConfiguration section */
		EBB4B6C222B9A9E500D49D77 /* Debug */ = {
			isa = XCBuildConfiguration;
			buildSettings = {
				ALWAYS_SEARCH_USER_PATHS = NO;
				CLANG_ANALYZER_NONNULL = YES;
				CLANG_ANALYZER_NUMBER_OBJECT_CONVERSION = YES_AGGRESSIVE;
				CLANG_CXX_LANGUAGE_STANDARD = "gnu++14";
				CLANG_CXX_LIBRARY = "libc++";
				CLANG_ENABLE_MODULES = YES;
				CLANG_ENABLE_OBJC_ARC = YES;
				CLANG_ENABLE_OBJC_WEAK = YES;
				CLANG_WARN_BLOCK_CAPTURE_AUTORELEASING = YES;
				CLANG_WARN_BOOL_CONVERSION = YES;
				CLANG_WARN_COMMA = YES;
				CLANG_WARN_CONSTANT_CONVERSION = YES;
				CLANG_WARN_DEPRECATED_OBJC_IMPLEMENTATIONS = YES;
				CLANG_WARN_DIRECT_OBJC_ISA_USAGE = YES_ERROR;
				CLANG_WARN_DOCUMENTATION_COMMENTS = YES;
				CLANG_WARN_EMPTY_BODY = YES;
				CLANG_WARN_ENUM_CONVERSION = YES;
				CLANG_WARN_INFINITE_RECURSION = YES;
				CLANG_WARN_INT_CONVERSION = YES;
				CLANG_WARN_NON_LITERAL_NULL_CONVERSION = YES;
				CLANG_WARN_OBJC_IMPLICIT_RETAIN_SELF = YES;
				CLANG_WARN_OBJC_LITERAL_CONVERSION = YES;
				CLANG_WARN_OBJC_ROOT_CLASS = YES_ERROR;
				CLANG_WARN_RANGE_LOOP_ANALYSIS = YES;
				CLANG_WARN_STRICT_PROTOTYPES = YES;
				CLANG_WARN_SUSPICIOUS_MOVE = YES;
				CLANG_WARN_UNGUARDED_AVAILABILITY = YES_AGGRESSIVE;
				CLANG_WARN_UNREACHABLE_CODE = YES;
				CLANG_WARN__DUPLICATE_METHOD_MATCH = YES;
				CODE_SIGN_IDENTITY = "iPhone Developer";
				COPY_PHASE_STRIP = NO;
				DEBUG_INFORMATION_FORMAT = dwarf;
				ENABLE_STRICT_OBJC_MSGSEND = YES;
				ENABLE_TESTABILITY = YES;
				GCC_C_LANGUAGE_STANDARD = gnu11;
				GCC_DYNAMIC_NO_PIC = NO;
				GCC_NO_COMMON_BLOCKS = YES;
				GCC_OPTIMIZATION_LEVEL = 0;
				GCC_PREPROCESSOR_DEFINITIONS = (
					"DEBUG=1",
					"$(inherited)",
				);
				GCC_WARN_64_TO_32_BIT_CONVERSION = YES;
				GCC_WARN_ABOUT_RETURN_TYPE = YES_ERROR;
				GCC_WARN_UNDECLARED_SELECTOR = YES;
				GCC_WARN_UNINITIALIZED_AUTOS = YES_AGGRESSIVE;
				GCC_WARN_UNUSED_FUNCTION = YES;
				GCC_WARN_UNUSED_VARIABLE = YES;
				IPHONEOS_DEPLOYMENT_TARGET = 12.2;
				MTL_ENABLE_DEBUG_INFO = INCLUDE_SOURCE;
				MTL_FAST_MATH = YES;
				ONLY_ACTIVE_ARCH = YES;
				SDKROOT = iphoneos;
				SWIFT_ACTIVE_COMPILATION_CONDITIONS = DEBUG;
				SWIFT_OPTIMIZATION_LEVEL = "-Onone";
			};
			name = Debug;
		};
		EBB4B6C322B9A9E500D49D77 /* Release */ = {
			isa = XCBuildConfiguration;
			buildSettings = {
				ALWAYS_SEARCH_USER_PATHS = NO;
				CLANG_ANALYZER_NONNULL = YES;
				CLANG_ANALYZER_NUMBER_OBJECT_CONVERSION = YES_AGGRESSIVE;
				CLANG_CXX_LANGUAGE_STANDARD = "gnu++14";
				CLANG_CXX_LIBRARY = "libc++";
				CLANG_ENABLE_MODULES = YES;
				CLANG_ENABLE_OBJC_ARC = YES;
				CLANG_ENABLE_OBJC_WEAK = YES;
				CLANG_WARN_BLOCK_CAPTURE_AUTORELEASING = YES;
				CLANG_WARN_BOOL_CONVERSION = YES;
				CLANG_WARN_COMMA = YES;
				CLANG_WARN_CONSTANT_CONVERSION = YES;
				CLANG_WARN_DEPRECATED_OBJC_IMPLEMENTATIONS = YES;
				CLANG_WARN_DIRECT_OBJC_ISA_USAGE = YES_ERROR;
				CLANG_WARN_DOCUMENTATION_COMMENTS = YES;
				CLANG_WARN_EMPTY_BODY = YES;
				CLANG_WARN_ENUM_CONVERSION = YES;
				CLANG_WARN_INFINITE_RECURSION = YES;
				CLANG_WARN_INT_CONVERSION = YES;
				CLANG_WARN_NON_LITERAL_NULL_CONVERSION = YES;
				CLANG_WARN_OBJC_IMPLICIT_RETAIN_SELF = YES;
				CLANG_WARN_OBJC_LITERAL_CONVERSION = YES;
				CLANG_WARN_OBJC_ROOT_CLASS = YES_ERROR;
				CLANG_WARN_RANGE_LOOP_ANALYSIS = YES;
				CLANG_WARN_STRICT_PROTOTYPES = YES;
				CLANG_WARN_SUSPICIOUS_MOVE = YES;
				CLANG_WARN_UNGUARDED_AVAILABILITY = YES_AGGRESSIVE;
				CLANG_WARN_UNREACHABLE_CODE = YES;
				CLANG_WARN__DUPLICATE_METHOD_MATCH = YES;
				CODE_SIGN_IDENTITY = "iPhone Developer";
				COPY_PHASE_STRIP = NO;
				DEBUG_INFORMATION_FORMAT = "dwarf-with-dsym";
				ENABLE_NS_ASSERTIONS = NO;
				ENABLE_STRICT_OBJC_MSGSEND = YES;
				GCC_C_LANGUAGE_STANDARD = gnu11;
				GCC_NO_COMMON_BLOCKS = YES;
				GCC_WARN_64_TO_32_BIT_CONVERSION = YES;
				GCC_WARN_ABOUT_RETURN_TYPE = YES_ERROR;
				GCC_WARN_UNDECLARED_SELECTOR = YES;
				GCC_WARN_UNINITIALIZED_AUTOS = YES_AGGRESSIVE;
				GCC_WARN_UNUSED_FUNCTION = YES;
				GCC_WARN_UNUSED_VARIABLE = YES;
				IPHONEOS_DEPLOYMENT_TARGET = 12.2;
				MTL_ENABLE_DEBUG_INFO = NO;
				MTL_FAST_MATH = YES;
				SDKROOT = iphoneos;
				SWIFT_COMPILATION_MODE = wholemodule;
				SWIFT_OPTIMIZATION_LEVEL = "-O";
				VALIDATE_PRODUCT = YES;
			};
			name = Release;
		};
		EBB4B6C522B9A9E500D49D77 /* Debug */ = {
			isa = XCBuildConfiguration;
			buildSettings = {
				ASSETCATALOG_COMPILER_APPICON_NAME = AppIcon;
				CODE_SIGN_STYLE = Automatic;
				INFOPLIST_FILE = "WCCCD ITI App/Info.plist";
				LD_RUNPATH_SEARCH_PATHS = (
					"$(inherited)",
					"@executable_path/Frameworks",
				);
				PRODUCT_BUNDLE_IDENTIFIER = "com.RTEInnovations.WCCCD-ITI-App";
				PRODUCT_NAME = "$(TARGET_NAME)";
				SWIFT_VERSION = 5.0;
				TARGETED_DEVICE_FAMILY = "1,2";
			};
			name = Debug;
		};
		EBB4B6C622B9A9E500D49D77 /* Release */ = {
			isa = XCBuildConfiguration;
			buildSettings = {
				ASSETCATALOG_COMPILER_APPICON_NAME = AppIcon;
				CODE_SIGN_STYLE = Automatic;
				INFOPLIST_FILE = "WCCCD ITI App/Info.plist";
				LD_RUNPATH_SEARCH_PATHS = (
					"$(inherited)",
					"@executable_path/Frameworks",
				);
				PRODUCT_BUNDLE_IDENTIFIER = "com.RTEInnovations.WCCCD-ITI-App";
				PRODUCT_NAME = "$(TARGET_NAME)";
				SWIFT_VERSION = 5.0;
				TARGETED_DEVICE_FAMILY = "1,2";
			};
			name = Release;
		};
/* End XCBuildConfiguration section */

/* Begin XCConfigurationList section */
		EBB4B6AD22B9A9E300D49D77 /* Build configuration list for PBXProject "WCCCD ITI App" */ = {
			isa = XCConfigurationList;
			buildConfigurations = (
				EBB4B6C222B9A9E500D49D77 /* Debug */,
				EBB4B6C322B9A9E500D49D77 /* Release */,
			);
			defaultConfigurationIsVisible = 0;
			defaultConfigurationName = Release;
		};
		EBB4B6C422B9A9E500D49D77 /* Build configuration list for PBXNativeTarget "WCCCD ITI App" */ = {
			isa = XCConfigurationList;
			buildConfigurations = (
				EBB4B6C522B9A9E500D49D77 /* Debug */,
				EBB4B6C622B9A9E500D49D77 /* Release */,
			);
			defaultConfigurationIsVisible = 0;
			defaultConfigurationName = Release;
		};
/* End XCConfigurationList section */
	};
	rootObject = EBB4B6AA22B9A9E300D49D77 /* Project object */;
}
